{
  "version": 4,
  "terraform_version": "1.13.5",
  "serial": 7,
  "lineage": "f00d0c67-b394-c749-aac6-9a1fc9cf826d",
  "outputs": {
    "ip_do_servidor": {
      "value": "167.71.84.99",
      "type": "string"
    }
  },
  "resources": [
    {
      "mode": "data",
      "type": "digitalocean_ssh_key",
      "name": "minha_chave",
      "provider": "provider[\"registry.terraform.io/digitalocean/digitalocean\"]",
      "instances": [
        {
          "schema_version": 0,
          "attributes": {
            "fingerprint": "f2:85:62:d8:af:93:2a:f0:a3:b4:f3:4b:89:7c:be:50",
            "id": 51826622,
            "name": "meu-laptop-windows",
            "public_key": "ssh-rsa AAAAB3NzaC1yc2EAAAADAQABAAACAQDMxePdFFt/1P8l91kPbqiXsHL9hclgCGXYgOIYtY0MlY5EPTQC7MCIiWEPoYMdDPLdgeg4bGNIh5pjKmhrsRypHb+lQ4eOyxoB/arc33gQESO8ax2yxUKrpkFURZFVvMAANpvqzfTDQ+iQwIp8UaB4wTnj4obGX0O9GhcTytUjzK/m6D6o2R0iUYTPpQVrathuRCFGorCR39dD/LawovtapYoftL+8gHAk6z1r9H3398cYsuRi7e9U9kI8qIk7jA+XVZnAxvZjYHne7io/pKeXoI+V+n4SMNWP2l3RGf3oXXIbMdYAe36W2HeGfElMIBejr4ffPepFniZhZuqmHQ3aYgteNN/0N8nDQ/25CXKkQ5N/s9EGlSa698GndiL+4Ck2OYI2TkfNptHokL0GhCq7lxlpVLVKIDvE569udSnDD1zGVKW6fn3AWgaQoVAlsxxsslVjrSOB4mMRvuOUQdd++YFoOwyzk2mqdtworL3OiBnw2ysbOY69RtJG+c6j22nXg8tYynq8ob1BUKljdBM850cJ1WfF14NNnsPPKSt0QveMBimPPzIj559Fi7lbnsP3pds0DNL8B1bQUHA5aao3X9F18ZVjCVp4XjRk90oKyWR96vMpDUXH8IbCn1xaT94vLA3CfYxowwmHRf0UhSiJAkxyeUtzNbLIa89f1ZuTjw== samue@LAPTOP-V60GJUNT"
          },
          "sensitive_attributes": [],
          "identity_schema_version": 0
        }
      ]
    },
    {
      "mode": "managed",
      "type": "digitalocean_droplet",
      "name": "web_server",
      "provider": "provider[\"registry.terraform.io/digitalocean/digitalocean\"]",
      "instances": [
        {
          "schema_version": 1,
          "attributes": {
            "backup_policy": [],
            "backups": false,
            "created_at": "2025-11-08T21:45:13Z",
            "disk": 25,
            "droplet_agent": null,
            "graceful_shutdown": false,
            "id": "528986682",
            "image": "ubuntu-22-04-x64",
            "ipv4_address": "167.71.84.99",
            "ipv4_address_private": "10.108.0.2",
            "ipv6": false,
            "ipv6_address": "",
            "locked": false,
            "memory": 1024,
            "monitoring": false,
            "name": "servidor-do-projeto",
            "price_hourly": 0.00893,
            "price_monthly": 6,
            "private_networking": true,
            "region": "nyc3",
            "resize_disk": true,
            "size": "s-1vcpu-1gb",
            "ssh_keys": [
              "51826622"
            ],
            "status": "active",
            "tags": [],
            "timeouts": null,
            "urn": "do:droplet:528986682",
            "user_data": null,
            "vcpus": 1,
            "volume_ids": [],
            "vpc_uuid": "80c6b72a-fcaa-4c14-ad42-fa88661c49c5"
          },
          "sensitive_attributes": [],
          "identity_schema_version": 0,
          "private": "eyJlMmJmYjczMC1lY2FhLTExZTYtOGY4OC0zNDM2M2JjN2M0YzAiOnsiY3JlYXRlIjozNjAwMDAwMDAwMDAwLCJkZWxldGUiOjYwMDAwMDAwMDAwLCJ1cGRhdGUiOjM2MDAwMDAwMDAwMDB9LCJzY2hlbWFfdmVyc2lvbiI6IjEifQ==",
          "dependencies": [
            "data.digitalocean_ssh_key.minha_chave"
          ]
        }
      ]
    }
  ],
  "check_results": null
}
